// !$*UTF8*$!
{
	archiveVersion = 1;
	classes = {
	};
	objectVersion = 56;
	objects = {

/* Begin PBXBuildFile section */
		FB743AC92C85A45B00A4D082 /* GameModel.swift in Sources */ = {isa = PBXBuildFile; fileRef = FB743AC82C85A45B00A4D082 /* GameModel.swift */; };
		FB743ACC2C85B0B400A4D082 /* RandomExtensions.swift in Sources */ = {isa = PBXBuildFile; fileRef = FB743ACB2C85B0B400A4D082 /* RandomExtensions.swift */; };
		FB7446852C86F8CF000A3289 /* OhNo.aiff in Resources */ = {isa = PBXBuildFile; fileRef = FB7446822C86F8CF000A3289 /* OhNo.aiff */; };
		FB7446862C86F8CF000A3289 /* weak.aiff in Resources */ = {isa = PBXBuildFile; fileRef = FB7446832C86F8CF000A3289 /* weak.aiff */; };
		FB7446872C86F8CF000A3289 /* incorrectAnswer.aiff in Resources */ = {isa = PBXBuildFile; fileRef = FB7446842C86F8CF000A3289 /* incorrectAnswer.aiff */; };
		FB74468D2C86F90B000A3289 /* correct.aiff in Resources */ = {isa = PBXBuildFile; fileRef = FB7446882C86F90B000A3289 /* correct.aiff */; };
		FB74468E2C86F90B000A3289 /* yes.aiff in Resources */ = {isa = PBXBuildFile; fileRef = FB7446892C86F90B000A3289 /* yes.aiff */; };
		FB74468F2C86F90B000A3289 /* awesome.aiff in Resources */ = {isa = PBXBuildFile; fileRef = FB74468A2C86F90B000A3289 /* awesome.aiff */; };
		FB7446902C86F90B000A3289 /* bell.aiff in Resources */ = {isa = PBXBuildFile; fileRef = FB74468B2C86F90B000A3289 /* bell.aiff */; };
		FB7446912C86F90B000A3289 /* whoop.aiff in Resources */ = {isa = PBXBuildFile; fileRef = FB74468C2C86F90B000A3289 /* whoop.aiff */; };
		FB74469D2C86F97C000A3289 /* five.aiff in Resources */ = {isa = PBXBuildFile; fileRef = FB7446922C86F97C000A3289 /* five.aiff */; };
		FB74469E2C86F97C000A3289 /* nine.aiff in Resources */ = {isa = PBXBuildFile; fileRef = FB7446932C86F97C000A3289 /* nine.aiff */; };
		FB74469F2C86F97C000A3289 /* eight.aiff in Resources */ = {isa = PBXBuildFile; fileRef = FB7446942C86F97C000A3289 /* eight.aiff */; };
		FB7446A02C86F97C000A3289 /* three.aiff in Resources */ = {isa = PBXBuildFile; fileRef = FB7446952C86F97C000A3289 /* three.aiff */; };
		FB7446A12C86F97C000A3289 /* two.aiff in Resources */ = {isa = PBXBuildFile; fileRef = FB7446962C86F97C000A3289 /* two.aiff */; };
		FB7446A22C86F97C000A3289 /* one.aiff in Resources */ = {isa = PBXBuildFile; fileRef = FB7446972C86F97C000A3289 /* one.aiff */; };
		FB7446A32C86F97C000A3289 /* four.aiff in Resources */ = {isa = PBXBuildFile; fileRef = FB7446982C86F97C000A3289 /* four.aiff */; };
		FB7446A42C86F97C000A3289 /* seven.aiff in Resources */ = {isa = PBXBuildFile; fileRef = FB7446992C86F97C000A3289 /* seven.aiff */; };
		FB7446A52C86F97C000A3289 /* six.aiff in Resources */ = {isa = PBXBuildFile; fileRef = FB74469A2C86F97C000A3289 /* six.aiff */; };
		FB7446A62C86F97C000A3289 /* ten.aiff in Resources */ = {isa = PBXBuildFile; fileRef = FB74469B2C86F97C000A3289 /* ten.aiff */; };
		FB7446A72C86F97C000A3289 /* zero.aiff in Resources */ = {isa = PBXBuildFile; fileRef = FB74469C2C86F97C000A3289 /* zero.aiff */; };
		FB7446A92C86FA99000A3289 /* GameViewModel.swift in Sources */ = {isa = PBXBuildFile; fileRef = FB7446A82C86FA99000A3289 /* GameViewModel.swift */; };
		FBAB62602C850A5C00F29C6C /* Shuzi_GameApp.swift in Sources */ = {isa = PBXBuildFile; fileRef = FBAB625F2C850A5C00F29C6C /* Shuzi_GameApp.swift */; };
		FBAB62622C850A5C00F29C6C /* ContentView.swift in Sources */ = {isa = PBXBuildFile; fileRef = FBAB62612C850A5C00F29C6C /* ContentView.swift */; };
		FBAB62642C850A5C00F29C6C /* Assets.xcassets in Resources */ = {isa = PBXBuildFile; fileRef = FBAB62632C850A5C00F29C6C /* Assets.xcassets */; };
		FBAB62682C850A5C00F29C6C /* Preview Assets.xcassets in Resources */ = {isa = PBXBuildFile; fileRef = FBAB62672C850A5C00F29C6C /* Preview Assets.xcassets */; };
		FBAB62722C850A5D00F29C6C /* Shuzi_GameTests.swift in Sources */ = {isa = PBXBuildFile; fileRef = FBAB62712C850A5D00F29C6C /* Shuzi_GameTests.swift */; };
		FBAB627C2C850A5D00F29C6C /* Shuzi_GameUITests.swift in Sources */ = {isa = PBXBuildFile; fileRef = FBAB627B2C850A5D00F29C6C /* Shuzi_GameUITests.swift */; };
		FBAB627E2C850A5D00F29C6C /* Shuzi_GameUITestsLaunchTests.swift in Sources */ = {isa = PBXBuildFile; fileRef = FBAB627D2C850A5D00F29C6C /* Shuzi_GameUITestsLaunchTests.swift */; };
		FBAB628B2C850AD200F29C6C /* Max.swift in Sources */ = {isa = PBXBuildFile; fileRef = FBAB628A2C850AD200F29C6C /* Max.swift */; };
/* End PBXBuildFile section */

/* Begin PBXContainerItemProxy section */
		FBAB626E2C850A5D00F29C6C /* PBXContainerItemProxy */ = {
			isa = PBXContainerItemProxy;
			containerPortal = FBAB62542C850A5C00F29C6C /* Project object */;
			proxyType = 1;
			remoteGlobalIDString = FBAB625B2C850A5C00F29C6C;
			remoteInfo = "Shuzi Game";
		};
		FBAB62782C850A5D00F29C6C /* PBXContainerItemProxy */ = {
			isa = PBXContainerItemProxy;
			containerPortal = FBAB62542C850A5C00F29C6C /* Project object */;
			proxyType = 1;
			remoteGlobalIDString = FBAB625B2C850A5C00F29C6C;
			remoteInfo = "Shuzi Game";
		};
/* End PBXContainerItemProxy section */

/* Begin PBXFileReference section */
		FB743AC82C85A45B00A4D082 /* GameModel.swift */ = {isa = PBXFileReference; lastKnownFileType = sourcecode.swift; path = GameModel.swift; sourceTree = "<group>"; };
		FB743ACB2C85B0B400A4D082 /* RandomExtensions.swift */ = {isa = PBXFileReference; lastKnownFileType = sourcecode.swift; path = RandomExtensions.swift; sourceTree = "<group>"; };
		FB7446822C86F8CF000A3289 /* OhNo.aiff */ = {isa = PBXFileReference; lastKnownFileType = audio.aiff; name = OhNo.aiff; path = ../../../../../../../Downloads/OhNo.aiff; sourceTree = "<group>"; };
		FB7446832C86F8CF000A3289 /* weak.aiff */ = {isa = PBXFileReference; lastKnownFileType = audio.aiff; name = weak.aiff; path = ../../../../../../../Downloads/weak.aiff; sourceTree = "<group>"; };
		FB7446842C86F8CF000A3289 /* incorrectAnswer.aiff */ = {isa = PBXFileReference; lastKnownFileType = audio.aiff; name = incorrectAnswer.aiff; path = ../../../../../../../Downloads/incorrectAnswer.aiff; sourceTree = "<group>"; };
		FB7446882C86F90B000A3289 /* correct.aiff */ = {isa = PBXFileReference; lastKnownFileType = audio.aiff; name = correct.aiff; path = ../../../../../../../Downloads/correct.aiff; sourceTree = "<group>"; };
		FB7446892C86F90B000A3289 /* yes.aiff */ = {isa = PBXFileReference; lastKnownFileType = audio.aiff; name = yes.aiff; path = ../../../../../../../Downloads/yes.aiff; sourceTree = "<group>"; };
		FB74468A2C86F90B000A3289 /* awesome.aiff */ = {isa = PBXFileReference; lastKnownFileType = audio.aiff; name = awesome.aiff; path = ../../../../../../../Downloads/awesome.aiff; sourceTree = "<group>"; };
		FB74468B2C86F90B000A3289 /* bell.aiff */ = {isa = PBXFileReference; lastKnownFileType = audio.aiff; name = bell.aiff; path = ../../../../../../../Downloads/bell.aiff; sourceTree = "<group>"; };
		FB74468C2C86F90B000A3289 /* whoop.aiff */ = {isa = PBXFileReference; lastKnownFileType = audio.aiff; name = whoop.aiff; path = ../../../../../../../Downloads/whoop.aiff; sourceTree = "<group>"; };
		FB7446922C86F97C000A3289 /* five.aiff */ = {isa = PBXFileReference; lastKnownFileType = audio.aiff; name = five.aiff; path = ../../../../../../../Downloads/five.aiff; sourceTree = "<group>"; };
		FB7446932C86F97C000A3289 /* nine.aiff */ = {isa = PBXFileReference; lastKnownFileType = audio.aiff; name = nine.aiff; path = ../../../../../../../Downloads/nine.aiff; sourceTree = "<group>"; };
		FB7446942C86F97C000A3289 /* eight.aiff */ = {isa = PBXFileReference; lastKnownFileType = audio.aiff; name = eight.aiff; path = ../../../../../../../Downloads/eight.aiff; sourceTree = "<group>"; };
		FB7446952C86F97C000A3289 /* three.aiff */ = {isa = PBXFileReference; lastKnownFileType = audio.aiff; name = three.aiff; path = ../../../../../../../Downloads/three.aiff; sourceTree = "<group>"; };
		FB7446962C86F97C000A3289 /* two.aiff */ = {isa = PBXFileReference; lastKnownFileType = audio.aiff; name = two.aiff; path = ../../../../../../../Downloads/two.aiff; sourceTree = "<group>"; };
		FB7446972C86F97C000A3289 /* one.aiff */ = {isa = PBXFileReference; lastKnownFileType = audio.aiff; name = one.aiff; path = ../../../../../../../Downloads/one.aiff; sourceTree = "<group>"; };
		FB7446982C86F97C000A3289 /* four.aiff */ = {isa = PBXFileReference; lastKnownFileType = audio.aiff; name = four.aiff; path = ../../../../../../../Downloads/four.aiff; sourceTree = "<group>"; };
		FB7446992C86F97C000A3289 /* seven.aiff */ = {isa = PBXFileReference; lastKnownFileType = audio.aiff; name = seven.aiff; path = ../../../../../../../Downloads/seven.aiff; sourceTree = "<group>"; };
		FB74469A2C86F97C000A3289 /* six.aiff */ = {isa = PBXFileReference; lastKnownFileType = audio.aiff; name = six.aiff; path = ../../../../../../../Downloads/six.aiff; sourceTree = "<group>"; };
		FB74469B2C86F97C000A3289 /* ten.aiff */ = {isa = PBXFileReference; lastKnownFileType = audio.aiff; name = ten.aiff; path = ../../../../../../../Downloads/ten.aiff; sourceTree = "<group>"; };
		FB74469C2C86F97C000A3289 /* zero.aiff */ = {isa = PBXFileReference; lastKnownFileType = audio.aiff; name = zero.aiff; path = ../../../../../../../Downloads/zero.aiff; sourceTree = "<group>"; };
		FB7446A82C86FA99000A3289 /* GameViewModel.swift */ = {isa = PBXFileReference; lastKnownFileType = sourcecode.swift; path = GameViewModel.swift; sourceTree = "<group>"; };
		FBAB625C2C850A5C00F29C6C /* Shuzi Game.app */ = {isa = PBXFileReference; explicitFileType = wrapper.application; includeInIndex = 0; path = "Shuzi Game.app"; sourceTree = BUILT_PRODUCTS_DIR; };
		FBAB625F2C850A5C00F29C6C /* Shuzi_GameApp.swift */ = {isa = PBXFileReference; lastKnownFileType = sourcecode.swift; path = Shuzi_GameApp.swift; sourceTree = "<group>"; };
		FBAB62612C850A5C00F29C6C /* ContentView.swift */ = {isa = PBXFileReference; lastKnownFileType = sourcecode.swift; path = ContentView.swift; sourceTree = "<group>"; };
		FBAB62632C850A5C00F29C6C /* Assets.xcassets */ = {isa = PBXFileReference; lastKnownFileType = folder.assetcatalog; path = Assets.xcassets; sourceTree = "<group>"; };
		FBAB62652C850A5C00F29C6C /* Shuzi_Game.entitlements */ = {isa = PBXFileReference; lastKnownFileType = text.plist.entitlements; path = Shuzi_Game.entitlements; sourceTree = "<group>"; };
		FBAB62672C850A5C00F29C6C /* Preview Assets.xcassets */ = {isa = PBXFileReference; lastKnownFileType = folder.assetcatalog; path = "Preview Assets.xcassets"; sourceTree = "<group>"; };
		FBAB626D2C850A5D00F29C6C /* Shuzi GameTests.xctest */ = {isa = PBXFileReference; explicitFileType = wrapper.cfbundle; includeInIndex = 0; path = "Shuzi GameTests.xctest"; sourceTree = BUILT_PRODUCTS_DIR; };
		FBAB62712C850A5D00F29C6C /* Shuzi_GameTests.swift */ = {isa = PBXFileReference; lastKnownFileType = sourcecode.swift; path = Shuzi_GameTests.swift; sourceTree = "<group>"; };
		FBAB62772C850A5D00F29C6C /* Shuzi GameUITests.xctest */ = {isa = PBXFileReference; explicitFileType = wrapper.cfbundle; includeInIndex = 0; path = "Shuzi GameUITests.xctest"; sourceTree = BUILT_PRODUCTS_DIR; };
		FBAB627B2C850A5D00F29C6C /* Shuzi_GameUITests.swift */ = {isa = PBXFileReference; lastKnownFileType = sourcecode.swift; path = Shuzi_GameUITests.swift; sourceTree = "<group>"; };
		FBAB627D2C850A5D00F29C6C /* Shuzi_GameUITestsLaunchTests.swift */ = {isa = PBXFileReference; lastKnownFileType = sourcecode.swift; path = Shuzi_GameUITestsLaunchTests.swift; sourceTree = "<group>"; };
		FBAB628A2C850AD200F29C6C /* Max.swift */ = {isa = PBXFileReference; lastKnownFileType = sourcecode.swift; path = Max.swift; sourceTree = "<group>"; };
/* End PBXFileReference section */

/* Begin PBXFrameworksBuildPhase section */
		FBAB62592C850A5C00F29C6C /* Frameworks */ = {
			isa = PBXFrameworksBuildPhase;
			buildActionMask = 2147483647;
			files = (
			);
			runOnlyForDeploymentPostprocessing = 0;
		};
		FBAB626A2C850A5D00F29C6C /* Frameworks */ = {
			isa = PBXFrameworksBuildPhase;
			buildActionMask = 2147483647;
			files = (
			);
			runOnlyForDeploymentPostprocessing = 0;
		};
		FBAB62742C850A5D00F29C6C /* Frameworks */ = {
			isa = PBXFrameworksBuildPhase;
			buildActionMask = 2147483647;
			files = (
			);
			runOnlyForDeploymentPostprocessing = 0;
		};
/* End PBXFrameworksBuildPhase section */

/* Begin PBXGroup section */
		FB743AC52C85A34C00A4D082 /* view */ = {
			isa = PBXGroup;
			children = (
			);
			path = view;
			sourceTree = "<group>";
		};
		FB743AC62C85A35200A4D082 /* viewModel */ = {
			isa = PBXGroup;
			children = (
				FB7446A82C86FA99000A3289 /* GameViewModel.swift */,
			);
			path = viewModel;
			sourceTree = "<group>";
		};
		FB743AC72C85A35B00A4D082 /* model */ = {
			isa = PBXGroup;
			children = (
				FB743AC82C85A45B00A4D082 /* GameModel.swift */,
			);
			path = model;
			sourceTree = "<group>";
		};
		FB743ACA2C85B09F00A4D082 /* extensions */ = {
			isa = PBXGroup;
			children = (
				FB743ACB2C85B0B400A4D082 /* RandomExtensions.swift */,
			);
			path = extensions;
			sourceTree = "<group>";
		};
		FB743ACD2C85B35500A4D082 /* sound */ = {
			isa = PBXGroup;
			children = (
				FB743AD02C85B37D00A4D082 /* digitSound */,
				FB743ACF2C85B37900A4D082 /* success */,
				FB743ACE2C85B35C00A4D082 /* incorrect */,
			);
			path = sound;
			sourceTree = "<group>";
		};
		FB743ACE2C85B35C00A4D082 /* incorrect */ = {
			isa = PBXGroup;
			children = (
				FB7446842C86F8CF000A3289 /* incorrectAnswer.aiff */,
				FB7446822C86F8CF000A3289 /* OhNo.aiff */,
				FB7446832C86F8CF000A3289 /* weak.aiff */,
			);
			path = incorrect;
			sourceTree = "<group>";
		};
		FB743ACF2C85B37900A4D082 /* success */ = {
			isa = PBXGroup;
			children = (
				FB74468A2C86F90B000A3289 /* awesome.aiff */,
				FB74468B2C86F90B000A3289 /* bell.aiff */,
				FB7446882C86F90B000A3289 /* correct.aiff */,
				FB74468C2C86F90B000A3289 /* whoop.aiff */,
				FB7446892C86F90B000A3289 /* yes.aiff */,
			);
			path = success;
			sourceTree = "<group>";
		};
		FB743AD02C85B37D00A4D082 /* digitSound */ = {
			isa = PBXGroup;
			children = (
				FB7446942C86F97C000A3289 /* eight.aiff */,
				FB7446922C86F97C000A3289 /* five.aiff */,
				FB7446982C86F97C000A3289 /* four.aiff */,
				FB7446932C86F97C000A3289 /* nine.aiff */,
				FB7446972C86F97C000A3289 /* one.aiff */,
				FB7446992C86F97C000A3289 /* seven.aiff */,
				FB74469A2C86F97C000A3289 /* six.aiff */,
				FB74469B2C86F97C000A3289 /* ten.aiff */,
				FB7446952C86F97C000A3289 /* three.aiff */,
				FB7446962C86F97C000A3289 /* two.aiff */,
				FB74469C2C86F97C000A3289 /* zero.aiff */,
			);
			path = digitSound;
			sourceTree = "<group>";
		};
		FBAB62532C850A5C00F29C6C = {
			isa = PBXGroup;
			children = (
				FBAB625E2C850A5C00F29C6C /* Shuzi Game */,
				FBAB62702C850A5D00F29C6C /* Shuzi GameTests */,
				FBAB627A2C850A5D00F29C6C /* Shuzi GameUITests */,
				FBAB625D2C850A5C00F29C6C /* Products */,
			);
			sourceTree = "<group>";
		};
		FBAB625D2C850A5C00F29C6C /* Products */ = {
			isa = PBXGroup;
			children = (
				FBAB625C2C850A5C00F29C6C /* Shuzi Game.app */,
				FBAB626D2C850A5D00F29C6C /* Shuzi GameTests.xctest */,
				FBAB62772C850A5D00F29C6C /* Shuzi GameUITests.xctest */,
			);
			name = Products;
			sourceTree = "<group>";
		};
		FBAB625E2C850A5C00F29C6C /* Shuzi Game */ = {
			isa = PBXGroup;
			children = (
				FB743ACD2C85B35500A4D082 /* sound */,
				FB743ACA2C85B09F00A4D082 /* extensions */,
				FB743AC72C85A35B00A4D082 /* model */,
				FB743AC62C85A35200A4D082 /* viewModel */,
				FB743AC52C85A34C00A4D082 /* view */,
				FBAB625F2C850A5C00F29C6C /* Shuzi_GameApp.swift */,
				FBAB62612C850A5C00F29C6C /* ContentView.swift */,
				FBAB628A2C850AD200F29C6C /* Max.swift */,
				FBAB62632C850A5C00F29C6C /* Assets.xcassets */,
				FBAB62652C850A5C00F29C6C /* Shuzi_Game.entitlements */,
				FBAB62662C850A5C00F29C6C /* Preview Content */,
			);
			path = "Shuzi Game";
			sourceTree = "<group>";
		};
		FBAB62662C850A5C00F29C6C /* Preview Content */ = {
			isa = PBXGroup;
			children = (
				FBAB62672C850A5C00F29C6C /* Preview Assets.xcassets */,
			);
			path = "Preview Content";
			sourceTree = "<group>";
		};
		FBAB62702C850A5D00F29C6C /* Shuzi GameTests */ = {
			isa = PBXGroup;
			children = (
				FBAB62712C850A5D00F29C6C /* Shuzi_GameTests.swift */,
			);
			path = "Shuzi GameTests";
			sourceTree = "<group>";
		};
		FBAB627A2C850A5D00F29C6C /* Shuzi GameUITests */ = {
			isa = PBXGroup;
			children = (
				FBAB627B2C850A5D00F29C6C /* Shuzi_GameUITests.swift */,
				FBAB627D2C850A5D00F29C6C /* Shuzi_GameUITestsLaunchTests.swift */,
			);
			path = "Shuzi GameUITests";
			sourceTree = "<group>";
		};
/* End PBXGroup section */

/* Begin PBXNativeTarget section */
		FBAB625B2C850A5C00F29C6C /* Shuzi Game */ = {
			isa = PBXNativeTarget;
			buildConfigurationList = FBAB62812C850A5D00F29C6C /* Build configuration list for PBXNativeTarget "Shuzi Game" */;
			buildPhases = (
				FBAB62582C850A5C00F29C6C /* Sources */,
				FBAB62592C850A5C00F29C6C /* Frameworks */,
				FBAB625A2C850A5C00F29C6C /* Resources */,
			);
			buildRules = (
			);
			dependencies = (
			);
			name = "Shuzi Game";
			productName = "Shuzi Game";
			productReference = FBAB625C2C850A5C00F29C6C /* Shuzi Game.app */;
			productType = "com.apple.product-type.application";
		};
		FBAB626C2C850A5D00F29C6C /* Shuzi GameTests */ = {
			isa = PBXNativeTarget;
			buildConfigurationList = FBAB62842C850A5D00F29C6C /* Build configuration list for PBXNativeTarget "Shuzi GameTests" */;
			buildPhases = (
				FBAB62692C850A5D00F29C6C /* Sources */,
				FBAB626A2C850A5D00F29C6C /* Frameworks */,
				FBAB626B2C850A5D00F29C6C /* Resources */,
			);
			buildRules = (
			);
			dependencies = (
				FBAB626F2C850A5D00F29C6C /* PBXTargetDependency */,
			);
			name = "Shuzi GameTests";
			productName = "Shuzi GameTests";
			productReference = FBAB626D2C850A5D00F29C6C /* Shuzi GameTests.xctest */;
			productType = "com.apple.product-type.bundle.unit-test";
		};
		FBAB62762C850A5D00F29C6C /* Shuzi GameUITests */ = {
			isa = PBXNativeTarget;
			buildConfigurationList = FBAB62872C850A5D00F29C6C /* Build configuration list for PBXNativeTarget "Shuzi GameUITests" */;
			buildPhases = (
				FBAB62732C850A5D00F29C6C /* Sources */,
				FBAB62742C850A5D00F29C6C /* Frameworks */,
				FBAB62752C850A5D00F29C6C /* Resources */,
			);
			buildRules = (
			);
			dependencies = (
				FBAB62792C850A5D00F29C6C /* PBXTargetDependency */,
			);
			name = "Shuzi GameUITests";
			productName = "Shuzi GameUITests";
			productReference = FBAB62772C850A5D00F29C6C /* Shuzi GameUITests.xctest */;
			productType = "com.apple.product-type.bundle.ui-testing";
		};
/* End PBXNativeTarget section */

/* Begin PBXProject section */
		FBAB62542C850A5C00F29C6C /* Project object */ = {
			isa = PBXProject;
			attributes = {
				BuildIndependentTargetsInParallel = 1;
				LastSwiftUpdateCheck = 1540;
				LastUpgradeCheck = 1540;
				TargetAttributes = {
					FBAB625B2C850A5C00F29C6C = {
						CreatedOnToolsVersion = 15.4;
					};
					FBAB626C2C850A5D00F29C6C = {
						CreatedOnToolsVersion = 15.4;
						TestTargetID = FBAB625B2C850A5C00F29C6C;
					};
					FBAB62762C850A5D00F29C6C = {
						CreatedOnToolsVersion = 15.4;
						TestTargetID = FBAB625B2C850A5C00F29C6C;
					};
				};
			};
			buildConfigurationList = FBAB62572C850A5C00F29C6C /* Build configuration list for PBXProject "Shuzi Game" */;
			compatibilityVersion = "Xcode 14.0";
			developmentRegion = en;
			hasScannedForEncodings = 0;
			knownRegions = (
				en,
				Base,
			);
			mainGroup = FBAB62532C850A5C00F29C6C;
			productRefGroup = FBAB625D2C850A5C00F29C6C /* Products */;
			projectDirPath = "";
			projectRoot = "";
			targets = (
				FBAB625B2C850A5C00F29C6C /* Shuzi Game */,
				FBAB626C2C850A5D00F29C6C /* Shuzi GameTests */,
				FBAB62762C850A5D00F29C6C /* Shuzi GameUITests */,
			);
		};
/* End PBXProject section */

/* Begin PBXResourcesBuildPhase section */
		FBAB625A2C850A5C00F29C6C /* Resources */ = {
			isa = PBXResourcesBuildPhase;
			buildActionMask = 2147483647;
			files = (
				FB7446902C86F90B000A3289 /* bell.aiff in Resources */,
				FB7446A32C86F97C000A3289 /* four.aiff in Resources */,
				FBAB62682C850A5C00F29C6C /* Preview Assets.xcassets in Resources */,
				FB7446A12C86F97C000A3289 /* two.aiff in Resources */,
				FB7446A02C86F97C000A3289 /* three.aiff in Resources */,
				FB7446A42C86F97C000A3289 /* seven.aiff in Resources */,
				FB74469D2C86F97C000A3289 /* five.aiff in Resources */,
				FB7446A62C86F97C000A3289 /* ten.aiff in Resources */,
				FB74469E2C86F97C000A3289 /* nine.aiff in Resources */,
				FB74468F2C86F90B000A3289 /* awesome.aiff in Resources */,
				FB7446A72C86F97C000A3289 /* zero.aiff in Resources */,
				FB7446862C86F8CF000A3289 /* weak.aiff in Resources */,
				FB74468D2C86F90B000A3289 /* correct.aiff in Resources */,
				FB74469F2C86F97C000A3289 /* eight.aiff in Resources */,
				FBAB62642C850A5C00F29C6C /* Assets.xcassets in Resources */,
				FB7446A52C86F97C000A3289 /* six.aiff in Resources */,
				FB7446872C86F8CF000A3289 /* incorrectAnswer.aiff in Resources */,
				FB74468E2C86F90B000A3289 /* yes.aiff in Resources */,
				FB7446852C86F8CF000A3289 /* OhNo.aiff in Resources */,
				FB7446A22C86F97C000A3289 /* one.aiff in Resources */,
				FB7446912C86F90B000A3289 /* whoop.aiff in Resources */,
			);
			runOnlyForDeploymentPostprocessing = 0;
		};
		FBAB626B2C850A5D00F29C6C /* Resources */ = {
			isa = PBXResourcesBuildPhase;
			buildActionMask = 2147483647;
			files = (
			);
			runOnlyForDeploymentPostprocessing = 0;
		};
		FBAB62752C850A5D00F29C6C /* Resources */ = {
			isa = PBXResourcesBuildPhase;
			buildActionMask = 2147483647;
			files = (
			);
			runOnlyForDeploymentPostprocessing = 0;
		};
/* End PBXResourcesBuildPhase section */

/* Begin PBXSourcesBuildPhase section */
		FBAB62582C850A5C00F29C6C /* Sources */ = {
			isa = PBXSourcesBuildPhase;
			buildActionMask = 2147483647;
			files = (
				FB7446A92C86FA99000A3289 /* GameViewModel.swift in Sources */,
				FBAB62622C850A5C00F29C6C /* ContentView.swift in Sources */,
				FB743ACC2C85B0B400A4D082 /* RandomExtensions.swift in Sources */,
				FB743AC92C85A45B00A4D082 /* GameModel.swift in Sources */,
				FBAB628B2C850AD200F29C6C /* Max.swift in Sources */,
				FBAB62602C850A5C00F29C6C /* Shuzi_GameApp.swift in Sources */,
			);
			runOnlyForDeploymentPostprocessing = 0;
		};
		FBAB62692C850A5D00F29C6C /* Sources */ = {
			isa = PBXSourcesBuildPhase;
			buildActionMask = 2147483647;
			files = (
				FBAB62722C850A5D00F29C6C /* Shuzi_GameTests.swift in Sources */,
			);
			runOnlyForDeploymentPostprocessing = 0;
		};
		FBAB62732C850A5D00F29C6C /* Sources */ = {
			isa = PBXSourcesBuildPhase;
			buildActionMask = 2147483647;
			files = (
				FBAB627E2C850A5D00F29C6C /* Shuzi_GameUITestsLaunchTests.swift in Sources */,
				FBAB627C2C850A5D00F29C6C /* Shuzi_GameUITests.swift in Sources */,
			);
			runOnlyForDeploymentPostprocessing = 0;
		};
/* End PBXSourcesBuildPhase section */

/* Begin PBXTargetDependency section */
		FBAB626F2C850A5D00F29C6C /* PBXTargetDependency */ = {
			isa = PBXTargetDependency;
			target = FBAB625B2C850A5C00F29C6C /* Shuzi Game */;
			targetProxy = FBAB626E2C850A5D00F29C6C /* PBXContainerItemProxy */;
		};
		FBAB62792C850A5D00F29C6C /* PBXTargetDependency */ = {
			isa = PBXTargetDependency;
			target = FBAB625B2C850A5C00F29C6C /* Shuzi Game */;
			targetProxy = FBAB62782C850A5D00F29C6C /* PBXContainerItemProxy */;
		};
/* End PBXTargetDependency section */

/* Begin XCBuildConfiguration section */
		FBAB627F2C850A5D00F29C6C /* Debug */ = {
			isa = XCBuildConfiguration;
			buildSettings = {
				ALWAYS_SEARCH_USER_PATHS = NO;
				ASSETCATALOG_COMPILER_GENERATE_SWIFT_ASSET_SYMBOL_EXTENSIONS = YES;
				CLANG_ANALYZER_NONNULL = YES;
				CLANG_ANALYZER_NUMBER_OBJECT_CONVERSION = YES_AGGRESSIVE;
				CLANG_CXX_LANGUAGE_STANDARD = "gnu++20";
				CLANG_ENABLE_MODULES = YES;
				CLANG_ENABLE_OBJC_ARC = YES;
				CLANG_ENABLE_OBJC_WEAK = YES;
				CLANG_WARN_BLOCK_CAPTURE_AUTORELEASING = YES;
				CLANG_WARN_BOOL_CONVERSION = YES;
				CLANG_WARN_COMMA = YES;
				CLANG_WARN_CONSTANT_CONVERSION = YES;
				CLANG_WARN_DEPRECATED_OBJC_IMPLEMENTATIONS = YES;
				CLANG_WARN_DIRECT_OBJC_ISA_USAGE = YES_ERROR;
				CLANG_WARN_DOCUMENTATION_COMMENTS = YES;
				CLANG_WARN_EMPTY_BODY = YES;
				CLANG_WARN_ENUM_CONVERSION = YES;
				CLANG_WARN_INFINITE_RECURSION = YES;
				CLANG_WARN_INT_CONVERSION = YES;
				CLANG_WARN_NON_LITERAL_NULL_CONVERSION = YES;
				CLANG_WARN_OBJC_IMPLICIT_RETAIN_SELF = YES;
				CLANG_WARN_OBJC_LITERAL_CONVERSION = YES;
				CLANG_WARN_OBJC_ROOT_CLASS = YES_ERROR;
				CLANG_WARN_QUOTED_INCLUDE_IN_FRAMEWORK_HEADER = YES;
				CLANG_WARN_RANGE_LOOP_ANALYSIS = YES;
				CLANG_WARN_STRICT_PROTOTYPES = YES;
				CLANG_WARN_SUSPICIOUS_MOVE = YES;
				CLANG_WARN_UNGUARDED_AVAILABILITY = YES_AGGRESSIVE;
				CLANG_WARN_UNREACHABLE_CODE = YES;
				CLANG_WARN__DUPLICATE_METHOD_MATCH = YES;
				COPY_PHASE_STRIP = NO;
				DEBUG_INFORMATION_FORMAT = dwarf;
				ENABLE_STRICT_OBJC_MSGSEND = YES;
				ENABLE_TESTABILITY = YES;
				ENABLE_USER_SCRIPT_SANDBOXING = YES;
				GCC_C_LANGUAGE_STANDARD = gnu17;
				GCC_DYNAMIC_NO_PIC = NO;
				GCC_NO_COMMON_BLOCKS = YES;
				GCC_OPTIMIZATION_LEVEL = 0;
				GCC_PREPROCESSOR_DEFINITIONS = (
					"DEBUG=1",
					"$(inherited)",
				);
				GCC_WARN_64_TO_32_BIT_CONVERSION = YES;
				GCC_WARN_ABOUT_RETURN_TYPE = YES_ERROR;
				GCC_WARN_UNDECLARED_SELECTOR = YES;
				GCC_WARN_UNINITIALIZED_AUTOS = YES_AGGRESSIVE;
				GCC_WARN_UNUSED_FUNCTION = YES;
				GCC_WARN_UNUSED_VARIABLE = YES;
				LOCALIZATION_PREFERS_STRING_CATALOGS = YES;
				MTL_ENABLE_DEBUG_INFO = INCLUDE_SOURCE;
				MTL_FAST_MATH = YES;
				ONLY_ACTIVE_ARCH = YES;
				SWIFT_ACTIVE_COMPILATION_CONDITIONS = "DEBUG $(inherited)";
				SWIFT_OPTIMIZATION_LEVEL = "-Onone";
			};
			name = Debug;
		};
		FBAB62802C850A5D00F29C6C /* Release */ = {
			isa = XCBuildConfiguration;
			buildSettings = {
				ALWAYS_SEARCH_USER_PATHS = NO;
				ASSETCATALOG_COMPILER_GENERATE_SWIFT_ASSET_SYMBOL_EXTENSIONS = YES;
				CLANG_ANALYZER_NONNULL = YES;
				CLANG_ANALYZER_NUMBER_OBJECT_CONVERSION = YES_AGGRESSIVE;
				CLANG_CXX_LANGUAGE_STANDARD = "gnu++20";
				CLANG_ENABLE_MODULES = YES;
				CLANG_ENABLE_OBJC_ARC = YES;
				CLANG_ENABLE_OBJC_WEAK = YES;
				CLANG_WARN_BLOCK_CAPTURE_AUTORELEASING = YES;
				CLANG_WARN_BOOL_CONVERSION = YES;
				CLANG_WARN_COMMA = YES;
				CLANG_WARN_CONSTANT_CONVERSION = YES;
				CLANG_WARN_DEPRECATED_OBJC_IMPLEMENTATIONS = YES;
				CLANG_WARN_DIRECT_OBJC_ISA_USAGE = YES_ERROR;
				CLANG_WARN_DOCUMENTATION_COMMENTS = YES;
				CLANG_WARN_EMPTY_BODY = YES;
				CLANG_WARN_ENUM_CONVERSION = YES;
				CLANG_WARN_INFINITE_RECURSION = YES;
				CLANG_WARN_INT_CONVERSION = YES;
				CLANG_WARN_NON_LITERAL_NULL_CONVERSION = YES;
				CLANG_WARN_OBJC_IMPLICIT_RETAIN_SELF = YES;
				CLANG_WARN_OBJC_LITERAL_CONVERSION = YES;
				CLANG_WARN_OBJC_ROOT_CLASS = YES_ERROR;
				CLANG_WARN_QUOTED_INCLUDE_IN_FRAMEWORK_HEADER = YES;
				CLANG_WARN_RANGE_LOOP_ANALYSIS = YES;
				CLANG_WARN_STRICT_PROTOTYPES = YES;
				CLANG_WARN_SUSPICIOUS_MOVE = YES;
				CLANG_WARN_UNGUARDED_AVAILABILITY = YES_AGGRESSIVE;
				CLANG_WARN_UNREACHABLE_CODE = YES;
				CLANG_WARN__DUPLICATE_METHOD_MATCH = YES;
				COPY_PHASE_STRIP = NO;
				DEBUG_INFORMATION_FORMAT = "dwarf-with-dsym";
				ENABLE_NS_ASSERTIONS = NO;
				ENABLE_STRICT_OBJC_MSGSEND = YES;
				ENABLE_USER_SCRIPT_SANDBOXING = YES;
				GCC_C_LANGUAGE_STANDARD = gnu17;
				GCC_NO_COMMON_BLOCKS = YES;
				GCC_WARN_64_TO_32_BIT_CONVERSION = YES;
				GCC_WARN_ABOUT_RETURN_TYPE = YES_ERROR;
				GCC_WARN_UNDECLARED_SELECTOR = YES;
				GCC_WARN_UNINITIALIZED_AUTOS = YES_AGGRESSIVE;
				GCC_WARN_UNUSED_FUNCTION = YES;
				GCC_WARN_UNUSED_VARIABLE = YES;
				LOCALIZATION_PREFERS_STRING_CATALOGS = YES;
				MTL_ENABLE_DEBUG_INFO = NO;
				MTL_FAST_MATH = YES;
				SWIFT_COMPILATION_MODE = wholemodule;
			};
			name = Release;
		};
		FBAB62822C850A5D00F29C6C /* Debug */ = {
			isa = XCBuildConfiguration;
			buildSettings = {
				ASSETCATALOG_COMPILER_APPICON_NAME = AppIcon;
				ASSETCATALOG_COMPILER_GLOBAL_ACCENT_COLOR_NAME = AccentColor;
				CODE_SIGN_ENTITLEMENTS = "Shuzi Game/Shuzi_Game.entitlements";
				CODE_SIGN_STYLE = Automatic;
				CURRENT_PROJECT_VERSION = 1;
				DEVELOPMENT_ASSET_PATHS = "\"Shuzi Game/Preview Content\"";
				DEVELOPMENT_TEAM = RF2V894835;
				ENABLE_HARDENED_RUNTIME = YES;
				ENABLE_PREVIEWS = YES;
				GENERATE_INFOPLIST_FILE = YES;
				"INFOPLIST_KEY_UIApplicationSceneManifest_Generation[sdk=iphoneos*]" = YES;
				"INFOPLIST_KEY_UIApplicationSceneManifest_Generation[sdk=iphonesimulator*]" = YES;
				"INFOPLIST_KEY_UIApplicationSupportsIndirectInputEvents[sdk=iphoneos*]" = YES;
				"INFOPLIST_KEY_UIApplicationSupportsIndirectInputEvents[sdk=iphonesimulator*]" = YES;
				"INFOPLIST_KEY_UILaunchScreen_Generation[sdk=iphoneos*]" = YES;
				"INFOPLIST_KEY_UILaunchScreen_Generation[sdk=iphonesimulator*]" = YES;
				"INFOPLIST_KEY_UIStatusBarStyle[sdk=iphoneos*]" = UIStatusBarStyleDefault;
				"INFOPLIST_KEY_UIStatusBarStyle[sdk=iphonesimulator*]" = UIStatusBarStyleDefault;
				INFOPLIST_KEY_UISupportedInterfaceOrientations_iPad = "UIInterfaceOrientationPortrait UIInterfaceOrientationPortraitUpsideDown UIInterfaceOrientationLandscapeLeft UIInterfaceOrientationLandscapeRight";
				INFOPLIST_KEY_UISupportedInterfaceOrientations_iPhone = "UIInterfaceOrientationPortrait UIInterfaceOrientationLandscapeLeft UIInterfaceOrientationLandscapeRight";
				IPHONEOS_DEPLOYMENT_TARGET = 17.5;
				LD_RUNPATH_SEARCH_PATHS = "@executable_path/Frameworks";
				"LD_RUNPATH_SEARCH_PATHS[sdk=macosx*]" = "@executable_path/../Frameworks";
				MACOSX_DEPLOYMENT_TARGET = 14.5;
				MARKETING_VERSION = 1.0;
				PRODUCT_BUNDLE_IDENTIFIER = "com.kakapo.Shuzi-Game";
				PRODUCT_NAME = "$(TARGET_NAME)";
				SDKROOT = auto;
				SUPPORTED_PLATFORMS = "iphoneos iphonesimulator macosx";
				SWIFT_EMIT_LOC_STRINGS = YES;
				SWIFT_VERSION = 5.0;
				TARGETED_DEVICE_FAMILY = "1,2";
			};
			name = Debug;
		};
		FBAB62832C850A5D00F29C6C /* Release */ = {
			isa = XCBuildConfiguration;
			buildSettings = {
				ASSETCATALOG_COMPILER_APPICON_NAME = AppIcon;
				ASSETCATALOG_COMPILER_GLOBAL_ACCENT_COLOR_NAME = AccentColor;
				CODE_SIGN_ENTITLEMENTS = "Shuzi Game/Shuzi_Game.entitlements";
				CODE_SIGN_STYLE = Automatic;
				CURRENT_PROJECT_VERSION = 1;
				DEVELOPMENT_ASSET_PATHS = "\"Shuzi Game/Preview Content\"";
				DEVELOPMENT_TEAM = RF2V894835;
				ENABLE_HARDENED_RUNTIME = YES;
				ENABLE_PREVIEWS = YES;
				GENERATE_INFOPLIST_FILE = YES;
				"INFOPLIST_KEY_UIApplicationSceneManifest_Generation[sdk=iphoneos*]" = YES;
				"INFOPLIST_KEY_UIApplicationSceneManifest_Generation[sdk=iphonesimulator*]" = YES;
				"INFOPLIST_KEY_UIApplicationSupportsIndirectInputEvents[sdk=iphoneos*]" = YES;
				"INFOPLIST_KEY_UIApplicationSupportsIndirectInputEvents[sdk=iphonesimulator*]" = YES;
				"INFOPLIST_KEY_UILaunchScreen_Generation[sdk=iphoneos*]" = YES;
				"INFOPLIST_KEY_UILaunchScreen_Generation[sdk=iphonesimulator*]" = YES;
				"INFOPLIST_KEY_UIStatusBarStyle[sdk=iphoneos*]" = UIStatusBarStyleDefault;
				"INFOPLIST_KEY_UIStatusBarStyle[sdk=iphonesimulator*]" = UIStatusBarStyleDefault;
				INFOPLIST_KEY_UISupportedInterfaceOrientations_iPad = "UIInterfaceOrientationPortrait UIInterfaceOrientationPortraitUpsideDown UIInterfaceOrientationLandscapeLeft UIInterfaceOrientationLandscapeRight";
				INFOPLIST_KEY_UISupportedInterfaceOrientations_iPhone = "UIInterfaceOrientationPortrait UIInterfaceOrientationLandscapeLeft UIInterfaceOrientationLandscapeRight";
				IPHONEOS_DEPLOYMENT_TARGET = 17.5;
				LD_RUNPATH_SEARCH_PATHS = "@executable_path/Frameworks";
				"LD_RUNPATH_SEARCH_PATHS[sdk=macosx*]" = "@executable_path/../Frameworks";
				MACOSX_DEPLOYMENT_TARGET = 14.5;
				MARKETING_VERSION = 1.0;
				PRODUCT_BUNDLE_IDENTIFIER = "com.kakapo.Shuzi-Game";
				PRODUCT_NAME = "$(TARGET_NAME)";
				SDKROOT = auto;
				SUPPORTED_PLATFORMS = "iphoneos iphonesimulator macosx";
				SWIFT_EMIT_LOC_STRINGS = YES;
				SWIFT_VERSION = 5.0;
				TARGETED_DEVICE_FAMILY = "1,2";
			};
			name = Release;
		};
		FBAB62852C850A5D00F29C6C /* Debug */ = {
			isa = XCBuildConfiguration;
			buildSettings = {
				ALWAYS_EMBED_SWIFT_STANDARD_LIBRARIES = YES;
				BUNDLE_LOADER = "$(TEST_HOST)";
				CODE_SIGN_STYLE = Automatic;
				CURRENT_PROJECT_VERSION = 1;
				DEVELOPMENT_TEAM = RF2V894835;
				GENERATE_INFOPLIST_FILE = YES;
				IPHONEOS_DEPLOYMENT_TARGET = 17.5;
				MACOSX_DEPLOYMENT_TARGET = 14.5;
				MARKETING_VERSION = 1.0;
				PRODUCT_BUNDLE_IDENTIFIER = "com.kakapo.Shuzi-GameTests";
				PRODUCT_NAME = "$(TARGET_NAME)";
				SDKROOT = auto;
				SUPPORTED_PLATFORMS = "iphoneos iphonesimulator macosx";
				SWIFT_EMIT_LOC_STRINGS = NO;
				SWIFT_VERSION = 5.0;
				TARGETED_DEVICE_FAMILY = "1,2";
				TEST_HOST = "$(BUILT_PRODUCTS_DIR)/Shuzi Game.app/$(BUNDLE_EXECUTABLE_FOLDER_PATH)/Shuzi Game";
			};
			name = Debug;
		};
		FBAB62862C850A5D00F29C6C /* Release */ = {
			isa = XCBuildConfiguration;
			buildSettings = {
				ALWAYS_EMBED_SWIFT_STANDARD_LIBRARIES = YES;
				BUNDLE_LOADER = "$(TEST_HOST)";
				CODE_SIGN_STYLE = Automatic;
				CURRENT_PROJECT_VERSION = 1;
				DEVELOPMENT_TEAM = RF2V894835;
				GENERATE_INFOPLIST_FILE = YES;
				IPHONEOS_DEPLOYMENT_TARGET = 17.5;
				MACOSX_DEPLOYMENT_TARGET = 14.5;
				MARKETING_VERSION = 1.0;
				PRODUCT_BUNDLE_IDENTIFIER = "com.kakapo.Shuzi-GameTests";
				PRODUCT_NAME = "$(TARGET_NAME)";
				SDKROOT = auto;
				SUPPORTED_PLATFORMS = "iphoneos iphonesimulator macosx";
				SWIFT_EMIT_LOC_STRINGS = NO;
				SWIFT_VERSION = 5.0;
				TARGETED_DEVICE_FAMILY = "1,2";
				TEST_HOST = "$(BUILT_PRODUCTS_DIR)/Shuzi Game.app/$(BUNDLE_EXECUTABLE_FOLDER_PATH)/Shuzi Game";
			};
			name = Release;
		};
		FBAB62882C850A5D00F29C6C /* Debug */ = {
			isa = XCBuildConfiguration;
			buildSettings = {
				ALWAYS_EMBED_SWIFT_STANDARD_LIBRARIES = YES;
				CODE_SIGN_STYLE = Automatic;
				CURRENT_PROJECT_VERSION = 1;
				DEVELOPMENT_TEAM = RF2V894835;
				GENERATE_INFOPLIST_FILE = YES;
				IPHONEOS_DEPLOYMENT_TARGET = 17.5;
				MACOSX_DEPLOYMENT_TARGET = 14.5;
				MARKETING_VERSION = 1.0;
				PRODUCT_BUNDLE_IDENTIFIER = "com.kakapo.Shuzi-GameUITests";
				PRODUCT_NAME = "$(TARGET_NAME)";
				SDKROOT = auto;
				SUPPORTED_PLATFORMS = "iphoneos iphonesimulator macosx";
				SWIFT_EMIT_LOC_STRINGS = NO;
				SWIFT_VERSION = 5.0;
				TARGETED_DEVICE_FAMILY = "1,2";
				TEST_TARGET_NAME = "Shuzi Game";
			};
			name = Debug;
		};
		FBAB62892C850A5D00F29C6C /* Release */ = {
			isa = XCBuildConfiguration;
			buildSettings = {
				ALWAYS_EMBED_SWIFT_STANDARD_LIBRARIES = YES;
				CODE_SIGN_STYLE = Automatic;
				CURRENT_PROJECT_VERSION = 1;
				DEVELOPMENT_TEAM = RF2V894835;
				GENERATE_INFOPLIST_FILE = YES;
				IPHONEOS_DEPLOYMENT_TARGET = 17.5;
				MACOSX_DEPLOYMENT_TARGET = 14.5;
				MARKETING_VERSION = 1.0;
				PRODUCT_BUNDLE_IDENTIFIER = "com.kakapo.Shuzi-GameUITests";
				PRODUCT_NAME = "$(TARGET_NAME)";
				SDKROOT = auto;
				SUPPORTED_PLATFORMS = "iphoneos iphonesimulator macosx";
				SWIFT_EMIT_LOC_STRINGS = NO;
				SWIFT_VERSION = 5.0;
				TARGETED_DEVICE_FAMILY = "1,2";
				TEST_TARGET_NAME = "Shuzi Game";
			};
			name = Release;
		};
/* End XCBuildConfiguration section */

/* Begin XCConfigurationList section */
		FBAB62572C850A5C00F29C6C /* Build configuration list for PBXProject "Shuzi Game" */ = {
			isa = XCConfigurationList;
			buildConfigurations = (
				FBAB627F2C850A5D00F29C6C /* Debug */,
				FBAB62802C850A5D00F29C6C /* Release */,
			);
			defaultConfigurationIsVisible = 0;
			defaultConfigurationName = Release;
		};
		FBAB62812C850A5D00F29C6C /* Build configuration list for PBXNativeTarget "Shuzi Game" */ = {
			isa = XCConfigurationList;
			buildConfigurations = (
				FBAB62822C850A5D00F29C6C /* Debug */,
				FBAB62832C850A5D00F29C6C /* Release */,
			);
			defaultConfigurationIsVisible = 0;
			defaultConfigurationName = Release;
		};
		FBAB62842C850A5D00F29C6C /* Build configuration list for PBXNativeTarget "Shuzi GameTests" */ = {
			isa = XCConfigurationList;
			buildConfigurations = (
				FBAB62852C850A5D00F29C6C /* Debug */,
				FBAB62862C850A5D00F29C6C /* Release */,
			);
			defaultConfigurationIsVisible = 0;
			defaultConfigurationName = Release;
		};
		FBAB62872C850A5D00F29C6C /* Build configuration list for PBXNativeTarget "Shuzi GameUITests" */ = {
			isa = XCConfigurationList;
			buildConfigurations = (
				FBAB62882C850A5D00F29C6C /* Debug */,
				FBAB62892C850A5D00F29C6C /* Release */,
			);
			defaultConfigurationIsVisible = 0;
			defaultConfigurationName = Release;
		};
/* End XCConfigurationList section */
	};
	rootObject = FBAB62542C850A5C00F29C6C /* Project object */;
}
